// !$*UTF8*$!
{
	archiveVersion = 1;
	classes = {
	};
	objectVersion = 56;
	objects = {

/* Begin PBXBuildFile section */
		047C3F3029535F440092CA79 /* AppDelegate.swift in Sources */ = {isa = PBXBuildFile; fileRef = 047C3F2F29535F440092CA79 /* AppDelegate.swift */; };
		047C3F3229535F440092CA79 /* SceneDelegate.swift in Sources */ = {isa = PBXBuildFile; fileRef = 047C3F3129535F440092CA79 /* SceneDelegate.swift */; };
		047C3F3429535F440092CA79 /* ViewController.swift in Sources */ = {isa = PBXBuildFile; fileRef = 047C3F3329535F440092CA79 /* ViewController.swift */; };
		047C3F3729535F440092CA79 /* Main.storyboard in Resources */ = {isa = PBXBuildFile; fileRef = 047C3F3529535F440092CA79 /* Main.storyboard */; };
		047C3F3929535F450092CA79 /* Assets.xcassets in Resources */ = {isa = PBXBuildFile; fileRef = 047C3F3829535F450092CA79 /* Assets.xcassets */; };
		047C3F4729535F450092CA79 /* Project8Tests.swift in Sources */ = {isa = PBXBuildFile; fileRef = 047C3F4629535F450092CA79 /* Project8Tests.swift */; };
		047C3F5129535F450092CA79 /* Project8UITests.swift in Sources */ = {isa = PBXBuildFile; fileRef = 047C3F5029535F450092CA79 /* Project8UITests.swift */; };
		047C3F5329535F450092CA79 /* Project8UITestsLaunchTests.swift in Sources */ = {isa = PBXBuildFile; fileRef = 047C3F5229535F450092CA79 /* Project8UITestsLaunchTests.swift */; };
		04C5ED8C295452D1000A5E88 /* level1.txt in Resources */ = {isa = PBXBuildFile; fileRef = 04C5ED8A295452D1000A5E88 /* level1.txt */; };
		04C5ED8D295452D1000A5E88 /* level2.txt in Resources */ = {isa = PBXBuildFile; fileRef = 04C5ED8B295452D1000A5E88 /* level2.txt */; };
/* End PBXBuildFile section */

/* Begin PBXContainerItemProxy section */
		047C3F4329535F450092CA79 /* PBXContainerItemProxy */ = {
			isa = PBXContainerItemProxy;
			containerPortal = 047C3F2429535F440092CA79 /* Project object */;
			proxyType = 1;
			remoteGlobalIDString = 047C3F2B29535F440092CA79;
			remoteInfo = Project8;
		};
		047C3F4D29535F450092CA79 /* PBXContainerItemProxy */ = {
			isa = PBXContainerItemProxy;
			containerPortal = 047C3F2429535F440092CA79 /* Project object */;
			proxyType = 1;
			remoteGlobalIDString = 047C3F2B29535F440092CA79;
			remoteInfo = Project8;
		};
/* End PBXContainerItemProxy section */

/* Begin PBXFileReference section */
		047C3F2C29535F440092CA79 /* Project8.app */ = {isa = PBXFileReference; explicitFileType = wrapper.application; includeInIndex = 0; path = Project8.app; sourceTree = BUILT_PRODUCTS_DIR; };
		047C3F2F29535F440092CA79 /* AppDelegate.swift */ = {isa = PBXFileReference; lastKnownFileType = sourcecode.swift; path = AppDelegate.swift; sourceTree = "<group>"; };
		047C3F3129535F440092CA79 /* SceneDelegate.swift */ = {isa = PBXFileReference; lastKnownFileType = sourcecode.swift; path = SceneDelegate.swift; sourceTree = "<group>"; };
		047C3F3329535F440092CA79 /* ViewController.swift */ = {isa = PBXFileReference; lastKnownFileType = sourcecode.swift; path = ViewController.swift; sourceTree = "<group>"; };
		047C3F3629535F440092CA79 /* Base */ = {isa = PBXFileReference; lastKnownFileType = file.storyboard; name = Base; path = Base.lproj/Main.storyboard; sourceTree = "<group>"; };
		047C3F3829535F450092CA79 /* Assets.xcassets */ = {isa = PBXFileReference; lastKnownFileType = folder.assetcatalog; path = Assets.xcassets; sourceTree = "<group>"; };
		047C3F3D29535F450092CA79 /* Info.plist */ = {isa = PBXFileReference; lastKnownFileType = text.plist.xml; path = Info.plist; sourceTree = "<group>"; };
		047C3F4229535F450092CA79 /* Project8Tests.xctest */ = {isa = PBXFileReference; explicitFileType = wrapper.cfbundle; includeInIndex = 0; path = Project8Tests.xctest; sourceTree = BUILT_PRODUCTS_DIR; };
		047C3F4629535F450092CA79 /* Project8Tests.swift */ = {isa = PBXFileReference; lastKnownFileType = sourcecode.swift; path = Project8Tests.swift; sourceTree = "<group>"; };
		047C3F4C29535F450092CA79 /* Project8UITests.xctest */ = {isa = PBXFileReference; explicitFileType = wrapper.cfbundle; includeInIndex = 0; path = Project8UITests.xctest; sourceTree = BUILT_PRODUCTS_DIR; };
		047C3F5029535F450092CA79 /* Project8UITests.swift */ = {isa = PBXFileReference; lastKnownFileType = sourcecode.swift; path = Project8UITests.swift; sourceTree = "<group>"; };
		047C3F5229535F450092CA79 /* Project8UITestsLaunchTests.swift */ = {isa = PBXFileReference; lastKnownFileType = sourcecode.swift; path = Project8UITestsLaunchTests.swift; sourceTree = "<group>"; };
		04C5ED8A295452D1000A5E88 /* level1.txt */ = {isa = PBXFileReference; fileEncoding = 4; lastKnownFileType = text; path = level1.txt; sourceTree = "<group>"; };
		04C5ED8B295452D1000A5E88 /* level2.txt */ = {isa = PBXFileReference; fileEncoding = 4; lastKnownFileType = text; path = level2.txt; sourceTree = "<group>"; };
/* End PBXFileReference section */

/* Begin PBXFrameworksBuildPhase section */
		047C3F2929535F440092CA79 /* Frameworks */ = {
			isa = PBXFrameworksBuildPhase;
			buildActionMask = 2147483647;
			files = (
			);
			runOnlyForDeploymentPostprocessing = 0;
		};
		047C3F3F29535F450092CA79 /* Frameworks */ = {
			isa = PBXFrameworksBuildPhase;
			buildActionMask = 2147483647;
			files = (
			);
			runOnlyForDeploymentPostprocessing = 0;
		};
		047C3F4929535F450092CA79 /* Frameworks */ = {
			isa = PBXFrameworksBuildPhase;
			buildActionMask = 2147483647;
			files = (
			);
			runOnlyForDeploymentPostprocessing = 0;
		};
/* End PBXFrameworksBuildPhase section */

/* Begin PBXGroup section */
		047C3F2329535F440092CA79 = {
			isa = PBXGroup;
			children = (
				047C3F2E29535F440092CA79 /* Project8 */,
				047C3F4529535F450092CA79 /* Project8Tests */,
				047C3F4F29535F450092CA79 /* Project8UITests */,
				047C3F2D29535F440092CA79 /* Products */,
			);
			sourceTree = "<group>";
		};
		047C3F2D29535F440092CA79 /* Products */ = {
			isa = PBXGroup;
			children = (
				047C3F2C29535F440092CA79 /* Project8.app */,
				047C3F4229535F450092CA79 /* Project8Tests.xctest */,
				047C3F4C29535F450092CA79 /* Project8UITests.xctest */,
			);
			name = Products;
			sourceTree = "<group>";
		};
		047C3F2E29535F440092CA79 /* Project8 */ = {
			isa = PBXGroup;
			children = (
				047C3F2F29535F440092CA79 /* AppDelegate.swift */,
				047C3F3129535F440092CA79 /* SceneDelegate.swift */,
				047C3F3329535F440092CA79 /* ViewController.swift */,
				047C3F3529535F440092CA79 /* Main.storyboard */,
				047C3F3829535F450092CA79 /* Assets.xcassets */,
				047C3F3D29535F450092CA79 /* Info.plist */,
				04C5ED8A295452D1000A5E88 /* level1.txt */,
				04C5ED8B295452D1000A5E88 /* level2.txt */,
			);
			path = Project8;
			sourceTree = "<group>";
		};
		047C3F4529535F450092CA79 /* Project8Tests */ = {
			isa = PBXGroup;
			children = (
				047C3F4629535F450092CA79 /* Project8Tests.swift */,
			);
			path = Project8Tests;
			sourceTree = "<group>";
		};
		047C3F4F29535F450092CA79 /* Project8UITests */ = {
			isa = PBXGroup;
			children = (
				047C3F5029535F450092CA79 /* Project8UITests.swift */,
				047C3F5229535F450092CA79 /* Project8UITestsLaunchTests.swift */,
			);
			path = Project8UITests;
			sourceTree = "<group>";
		};
/* End PBXGroup section */

/* Begin PBXNativeTarget section */
		047C3F2B29535F440092CA79 /* Project8 */ = {
			isa = PBXNativeTarget;
			buildConfigurationList = 047C3F5629535F450092CA79 /* Build configuration list for PBXNativeTarget "Project8" */;
			buildPhases = (
				047C3F2829535F440092CA79 /* Sources */,
				047C3F2929535F440092CA79 /* Frameworks */,
				047C3F2A29535F440092CA79 /* Resources */,
			);
			buildRules = (
			);
			dependencies = (
			);
			name = Project8;
			productName = Project8;
			productReference = 047C3F2C29535F440092CA79 /* Project8.app */;
			productType = "com.apple.product-type.application";
		};
		047C3F4129535F450092CA79 /* Project8Tests */ = {
			isa = PBXNativeTarget;
			buildConfigurationList = 047C3F5929535F450092CA79 /* Build configuration list for PBXNativeTarget "Project8Tests" */;
			buildPhases = (
				047C3F3E29535F450092CA79 /* Sources */,
				047C3F3F29535F450092CA79 /* Frameworks */,
				047C3F4029535F450092CA79 /* Resources */,
			);
			buildRules = (
			);
			dependencies = (
				047C3F4429535F450092CA79 /* PBXTargetDependency */,
			);
			name = Project8Tests;
			productName = Project8Tests;
			productReference = 047C3F4229535F450092CA79 /* Project8Tests.xctest */;
			productType = "com.apple.product-type.bundle.unit-test";
		};
		047C3F4B29535F450092CA79 /* Project8UITests */ = {
			isa = PBXNativeTarget;
			buildConfigurationList = 047C3F5C29535F450092CA79 /* Build configuration list for PBXNativeTarget "Project8UITests" */;
			buildPhases = (
				047C3F4829535F450092CA79 /* Sources */,
				047C3F4929535F450092CA79 /* Frameworks */,
				047C3F4A29535F450092CA79 /* Resources */,
			);
			buildRules = (
			);
			dependencies = (
				047C3F4E29535F450092CA79 /* PBXTargetDependency */,
			);
			name = Project8UITests;
			productName = Project8UITests;
			productReference = 047C3F4C29535F450092CA79 /* Project8UITests.xctest */;
			productType = "com.apple.product-type.bundle.ui-testing";
		};
/* End PBXNativeTarget section */

/* Begin PBXProject section */
		047C3F2429535F440092CA79 /* Project object */ = {
			isa = PBXProject;
			attributes = {
				BuildIndependentTargetsInParallel = 1;
				LastSwiftUpdateCheck = 1420;
				LastUpgradeCheck = 1420;
				TargetAttributes = {
					047C3F2B29535F440092CA79 = {
						CreatedOnToolsVersion = 14.2;
					};
					047C3F4129535F450092CA79 = {
						CreatedOnToolsVersion = 14.2;
						TestTargetID = 047C3F2B29535F440092CA79;
					};
					047C3F4B29535F450092CA79 = {
						CreatedOnToolsVersion = 14.2;
						TestTargetID = 047C3F2B29535F440092CA79;
					};
				};
			};
			buildConfigurationList = 047C3F2729535F440092CA79 /* Build configuration list for PBXProject "Project8" */;
			compatibilityVersion = "Xcode 14.0";
			developmentRegion = en;
			hasScannedForEncodings = 0;
			knownRegions = (
				en,
				Base,
			);
			mainGroup = 047C3F2329535F440092CA79;
			productRefGroup = 047C3F2D29535F440092CA79 /* Products */;
			projectDirPath = "";
			projectRoot = "";
			targets = (
				047C3F2B29535F440092CA79 /* Project8 */,
				047C3F4129535F450092CA79 /* Project8Tests */,
				047C3F4B29535F450092CA79 /* Project8UITests */,
			);
		};
/* End PBXProject section */

/* Begin PBXResourcesBuildPhase section */
		047C3F2A29535F440092CA79 /* Resources */ = {
			isa = PBXResourcesBuildPhase;
			buildActionMask = 2147483647;
			files = (
				04C5ED8C295452D1000A5E88 /* level1.txt in Resources */,
				047C3F3929535F450092CA79 /* Assets.xcassets in Resources */,
				04C5ED8D295452D1000A5E88 /* level2.txt in Resources */,
				047C3F3729535F440092CA79 /* Main.storyboard in Resources */,
			);
			runOnlyForDeploymentPostprocessing = 0;
		};
		047C3F4029535F450092CA79 /* Resources */ = {
			isa = PBXResourcesBuildPhase;
			buildActionMask = 2147483647;
			files = (
			);
			runOnlyForDeploymentPostprocessing = 0;
		};
		047C3F4A29535F450092CA79 /* Resources */ = {
			isa = PBXResourcesBuildPhase;
			buildActionMask = 2147483647;
			files = (
			);
			runOnlyForDeploymentPostprocessing = 0;
		};
/* End PBXResourcesBuildPhase section */

/* Begin PBXSourcesBuildPhase section */
		047C3F2829535F440092CA79 /* Sources */ = {
			isa = PBXSourcesBuildPhase;
			buildActionMask = 2147483647;
			files = (
				047C3F3429535F440092CA79 /* ViewController.swift in Sources */,
				047C3F3029535F440092CA79 /* AppDelegate.swift in Sources */,
				047C3F3229535F440092CA79 /* SceneDelegate.swift in Sources */,
			);
			runOnlyForDeploymentPostprocessing = 0;
		};
		047C3F3E29535F450092CA79 /* Sources */ = {
			isa = PBXSourcesBuildPhase;
			buildActionMask = 2147483647;
			files = (
				047C3F4729535F450092CA79 /* Project8Tests.swift in Sources */,
			);
			runOnlyForDeploymentPostprocessing = 0;
		};
		047C3F4829535F450092CA79 /* Sources */ = {
			isa = PBXSourcesBuildPhase;
			buildActionMask = 2147483647;
			files = (
				047C3F5329535F450092CA79 /* Project8UITestsLaunchTests.swift in Sources */,
				047C3F5129535F450092CA79 /* Project8UITests.swift in Sources */,
			);
			runOnlyForDeploymentPostprocessing = 0;
		};
/* End PBXSourcesBuildPhase section */

/* Begin PBXTargetDependency section */
		047C3F4429535F450092CA79 /* PBXTargetDependency */ = {
			isa = PBXTargetDependency;
			target = 047C3F2B29535F440092CA79 /* Project8 */;
			targetProxy = 047C3F4329535F450092CA79 /* PBXContainerItemProxy */;
		};
		047C3F4E29535F450092CA79 /* PBXTargetDependency */ = {
			isa = PBXTargetDependency;
			target = 047C3F2B29535F440092CA79 /* Project8 */;
			targetProxy = 047C3F4D29535F450092CA79 /* PBXContainerItemProxy */;
		};
/* End PBXTargetDependency section */

/* Begin PBXVariantGroup section */
		047C3F3529535F440092CA79 /* Main.storyboard */ = {
			isa = PBXVariantGroup;
			children = (
				047C3F3629535F440092CA79 /* Base */,
			);
			name = Main.storyboard;
			sourceTree = "<group>";
		};
/* End PBXVariantGroup section */

/* Begin XCBuildConfiguration section */
		047C3F5429535F450092CA79 /* Debug */ = {
			isa = XCBuildConfiguration;
			buildSettings = {
				ALWAYS_SEARCH_USER_PATHS = NO;
				CLANG_ANALYZER_NONNULL = YES;
				CLANG_ANALYZER_NUMBER_OBJECT_CONVERSION = YES_AGGRESSIVE;
				CLANG_CXX_LANGUAGE_STANDARD = "gnu++20";
				CLANG_ENABLE_MODULES = YES;
				CLANG_ENABLE_OBJC_ARC = YES;
				CLANG_ENABLE_OBJC_WEAK = YES;
				CLANG_WARN_BLOCK_CAPTURE_AUTORELEASING = YES;
				CLANG_WARN_BOOL_CONVERSION = YES;
				CLANG_WARN_COMMA = YES;
				CLANG_WARN_CONSTANT_CONVERSION = YES;
				CLANG_WARN_DEPRECATED_OBJC_IMPLEMENTATIONS = YES;
				CLANG_WARN_DIRECT_OBJC_ISA_USAGE = YES_ERROR;
				CLANG_WARN_DOCUMENTATION_COMMENTS = YES;
				CLANG_WARN_EMPTY_BODY = YES;
				CLANG_WARN_ENUM_CONVERSION = YES;
				CLANG_WARN_INFINITE_RECURSION = YES;
				CLANG_WARN_INT_CONVERSION = YES;
				CLANG_WARN_NON_LITERAL_NULL_CONVERSION = YES;
				CLANG_WARN_OBJC_IMPLICIT_RETAIN_SELF = YES;
				CLANG_WARN_OBJC_LITERAL_CONVERSION = YES;
				CLANG_WARN_OBJC_ROOT_CLASS = YES_ERROR;
				CLANG_WARN_QUOTED_INCLUDE_IN_FRAMEWORK_HEADER = YES;
				CLANG_WARN_RANGE_LOOP_ANALYSIS = YES;
				CLANG_WARN_STRICT_PROTOTYPES = YES;
				CLANG_WARN_SUSPICIOUS_MOVE = YES;
				CLANG_WARN_UNGUARDED_AVAILABILITY = YES_AGGRESSIVE;
				CLANG_WARN_UNREACHABLE_CODE = YES;
				CLANG_WARN__DUPLICATE_METHOD_MATCH = YES;
				COPY_PHASE_STRIP = NO;
				DEBUG_INFORMATION_FORMAT = dwarf;
				ENABLE_STRICT_OBJC_MSGSEND = YES;
				ENABLE_TESTABILITY = YES;
				GCC_C_LANGUAGE_STANDARD = gnu11;
				GCC_DYNAMIC_NO_PIC = NO;
				GCC_NO_COMMON_BLOCKS = YES;
				GCC_OPTIMIZATION_LEVEL = 0;
				GCC_PREPROCESSOR_DEFINITIONS = (
					"DEBUG=1",
					"$(inherited)",
				);
				GCC_WARN_64_TO_32_BIT_CONVERSION = YES;
				GCC_WARN_ABOUT_RETURN_TYPE = YES_ERROR;
				GCC_WARN_UNDECLARED_SELECTOR = YES;
				GCC_WARN_UNINITIALIZED_AUTOS = YES_AGGRESSIVE;
				GCC_WARN_UNUSED_FUNCTION = YES;
				GCC_WARN_UNUSED_VARIABLE = YES;
				IPHONEOS_DEPLOYMENT_TARGET = 16.2;
				MTL_ENABLE_DEBUG_INFO = INCLUDE_SOURCE;
				MTL_FAST_MATH = YES;
				ONLY_ACTIVE_ARCH = YES;
				SDKROOT = iphoneos;
				SWIFT_ACTIVE_COMPILATION_CONDITIONS = DEBUG;
				SWIFT_OPTIMIZATION_LEVEL = "-Onone";
			};
			name = Debug;
		};
		047C3F5529535F450092CA79 /* Release */ = {
			isa = XCBuildConfiguration;
			buildSettings = {
				ALWAYS_SEARCH_USER_PATHS = NO;
				CLANG_ANALYZER_NONNULL = YES;
				CLANG_ANALYZER_NUMBER_OBJECT_CONVERSION = YES_AGGRESSIVE;
				CLANG_CXX_LANGUAGE_STANDARD = "gnu++20";
				CLANG_ENABLE_MODULES = YES;
				CLANG_ENABLE_OBJC_ARC = YES;
				CLANG_ENABLE_OBJC_WEAK = YES;
				CLANG_WARN_BLOCK_CAPTURE_AUTORELEASING = YES;
				CLANG_WARN_BOOL_CONVERSION = YES;
				CLANG_WARN_COMMA = YES;
				CLANG_WARN_CONSTANT_CONVERSION = YES;
				CLANG_WARN_DEPRECATED_OBJC_IMPLEMENTATIONS = YES;
				CLANG_WARN_DIRECT_OBJC_ISA_USAGE = YES_ERROR;
				CLANG_WARN_DOCUMENTATION_COMMENTS = YES;
				CLANG_WARN_EMPTY_BODY = YES;
				CLANG_WARN_ENUM_CONVERSION = YES;
				CLANG_WARN_INFINITE_RECURSION = YES;
				CLANG_WARN_INT_CONVERSION = YES;
				CLANG_WARN_NON_LITERAL_NULL_CONVERSION = YES;
				CLANG_WARN_OBJC_IMPLICIT_RETAIN_SELF = YES;
				CLANG_WARN_OBJC_LITERAL_CONVERSION = YES;
				CLANG_WARN_OBJC_ROOT_CLASS = YES_ERROR;
				CLANG_WARN_QUOTED_INCLUDE_IN_FRAMEWORK_HEADER = YES;
				CLANG_WARN_RANGE_LOOP_ANALYSIS = YES;
				CLANG_WARN_STRICT_PROTOTYPES = YES;
				CLANG_WARN_SUSPICIOUS_MOVE = YES;
				CLANG_WARN_UNGUARDED_AVAILABILITY = YES_AGGRESSIVE;
				CLANG_WARN_UNREACHABLE_CODE = YES;
				CLANG_WARN__DUPLICATE_METHOD_MATCH = YES;
				COPY_PHASE_STRIP = NO;
				DEBUG_INFORMATION_FORMAT = "dwarf-with-dsym";
				ENABLE_NS_ASSERTIONS = NO;
				ENABLE_STRICT_OBJC_MSGSEND = YES;
				GCC_C_LANGUAGE_STANDARD = gnu11;
				GCC_NO_COMMON_BLOCKS = YES;
				GCC_WARN_64_TO_32_BIT_CONVERSION = YES;
				GCC_WARN_ABOUT_RETURN_TYPE = YES_ERROR;
				GCC_WARN_UNDECLARED_SELECTOR = YES;
				GCC_WARN_UNINITIALIZED_AUTOS = YES_AGGRESSIVE;
				GCC_WARN_UNUSED_FUNCTION = YES;
				GCC_WARN_UNUSED_VARIABLE = YES;
				IPHONEOS_DEPLOYMENT_TARGET = 16.2;
				MTL_ENABLE_DEBUG_INFO = NO;
				MTL_FAST_MATH = YES;
				SDKROOT = iphoneos;
				SWIFT_COMPILATION_MODE = wholemodule;
				SWIFT_OPTIMIZATION_LEVEL = "-O";
				VALIDATE_PRODUCT = YES;
			};
			name = Release;
		};
		047C3F5729535F450092CA79 /* Debug */ = {
			isa = XCBuildConfiguration;
			buildSettings = {
				ASSETCATALOG_COMPILER_APPICON_NAME = AppIcon;
				ASSETCATALOG_COMPILER_GLOBAL_ACCENT_COLOR_NAME = AccentColor;
				CODE_SIGN_STYLE = Automatic;
				CURRENT_PROJECT_VERSION = 1;
				DEVELOPMENT_TEAM = 8W2QVSMGJ3;
				GENERATE_INFOPLIST_FILE = YES;
				INFOPLIST_FILE = Project8/Info.plist;
				INFOPLIST_KEY_UIApplicationSupportsIndirectInputEvents = YES;
				INFOPLIST_KEY_UILaunchStoryboardName = LaunchScreen;
				INFOPLIST_KEY_UIMainStoryboardFile = Main;
				INFOPLIST_KEY_UISupportedInterfaceOrientations_iPad = "UIInterfaceOrientationPortrait UIInterfaceOrientationPortraitUpsideDown UIInterfaceOrientationLandscapeLeft UIInterfaceOrientationLandscapeRight";
				INFOPLIST_KEY_UISupportedInterfaceOrientations_iPhone = "UIInterfaceOrientationPortrait UIInterfaceOrientationLandscapeLeft UIInterfaceOrientationLandscapeRight";
				LD_RUNPATH_SEARCH_PATHS = (
					"$(inherited)",
					"@executable_path/Frameworks",
				);
				MARKETING_VERSION = 1.0;
				PRODUCT_BUNDLE_IDENTIFIER = com.ozturkomerfaruk.Project8;
				PRODUCT_NAME = "$(TARGET_NAME)";
				SUPPORTED_PLATFORMS = "iphoneos iphonesimulator";
				SUPPORTS_MACCATALYST = NO;
				SUPPORTS_MAC_DESIGNED_FOR_IPHONE_IPAD = NO;
				SWIFT_EMIT_LOC_STRINGS = YES;
				SWIFT_VERSION = 5.0;
				TARGETED_DEVICE_FAMILY = 2;
			};
			name = Debug;
		};
		047C3F5829535F450092CA79 /* Release */ = {
			isa = XCBuildConfiguration;
			buildSettings = {
				ASSETCATALOG_COMPILER_APPICON_NAME = AppIcon;
				ASSETCATALOG_COMPILER_GLOBAL_ACCENT_COLOR_NAME = AccentColor;
				CODE_SIGN_STYLE = Automatic;
				CURRENT_PROJECT_VERSION = 1;
				DEVELOPMENT_TEAM = 8W2QVSMGJ3;
				GENERATE_INFOPLIST_FILE = YES;
				INFOPLIST_FILE = Project8/Info.plist;
				INFOPLIST_KEY_UIApplicationSupportsIndirectInputEvents = YES;
				INFOPLIST_KEY_UILaunchStoryboardName = LaunchScreen;
				INFOPLIST_KEY_UIMainStoryboardFile = Main;
				INFOPLIST_KEY_UISupportedInterfaceOrientations_iPad = "UIInterfaceOrientationPortrait UIInterfaceOrientationPortraitUpsideDown UIInterfaceOrientationLandscapeLeft UIInterfaceOrientationLandscapeRight";
				INFOPLIST_KEY_UISupportedInterfaceOrientations_iPhone = "UIInterfaceOrientationPortrait UIInterfaceOrientationLandscapeLeft UIInterfaceOrientationLandscapeRight";
				LD_RUNPATH_SEARCH_PATHS = (
					"$(inherited)",
					"@executable_path/Frameworks",
				);
				MARKETING_VERSION = 1.0;
				PRODUCT_BUNDLE_IDENTIFIER = com.ozturkomerfaruk.Project8;
				PRODUCT_NAME = "$(TARGET_NAME)";
				SUPPORTED_PLATFORMS = "iphoneos iphonesimulator";
				SUPPORTS_MACCATALYST = NO;
				SUPPORTS_MAC_DESIGNED_FOR_IPHONE_IPAD = NO;
				SWIFT_EMIT_LOC_STRINGS = YES;
				SWIFT_VERSION = 5.0;
				TARGETED_DEVICE_FAMILY = 2;
			};
			name = Release;
		};
		047C3F5A29535F450092CA79 /* Debug */ = {
			isa = XCBuildConfiguration;
			buildSettings = {
				ALWAYS_EMBED_SWIFT_STANDARD_LIBRARIES = YES;
				BUNDLE_LOADER = "$(TEST_HOST)";
				CODE_SIGN_STYLE = Automatic;
				CURRENT_PROJECT_VERSION = 1;
				DEVELOPMENT_TEAM = 8W2QVSMGJ3;
				GENERATE_INFOPLIST_FILE = YES;
				IPHONEOS_DEPLOYMENT_TARGET = 16.2;
				MARKETING_VERSION = 1.0;
				PRODUCT_BUNDLE_IDENTIFIER = com.ozturkomerfaruk.Project8Tests;
				PRODUCT_NAME = "$(TARGET_NAME)";
				SWIFT_EMIT_LOC_STRINGS = NO;
				SWIFT_VERSION = 5.0;
				TARGETED_DEVICE_FAMILY = "1,2";
				TEST_HOST = "$(BUILT_PRODUCTS_DIR)/Project8.app/$(BUNDLE_EXECUTABLE_FOLDER_PATH)/Project8";
			};
			name = Debug;
		};
		047C3F5B29535F450092CA79 /* Release */ = {
			isa = XCBuildConfiguration;
			buildSettings = {
				ALWAYS_EMBED_SWIFT_STANDARD_LIBRARIES = YES;
				BUNDLE_LOADER = "$(TEST_HOST)";
				CODE_SIGN_STYLE = Automatic;
				CURRENT_PROJECT_VERSION = 1;
				DEVELOPMENT_TEAM = 8W2QVSMGJ3;
				GENERATE_INFOPLIST_FILE = YES;
				IPHONEOS_DEPLOYMENT_TARGET = 16.2;
				MARKETING_VERSION = 1.0;
				PRODUCT_BUNDLE_IDENTIFIER = com.ozturkomerfaruk.Project8Tests;
				PRODUCT_NAME = "$(TARGET_NAME)";
				SWIFT_EMIT_LOC_STRINGS = NO;
				SWIFT_VERSION = 5.0;
				TARGETED_DEVICE_FAMILY = "1,2";
				TEST_HOST = "$(BUILT_PRODUCTS_DIR)/Project8.app/$(BUNDLE_EXECUTABLE_FOLDER_PATH)/Project8";
			};
			name = Release;
		};
		047C3F5D29535F450092CA79 /* Debug */ = {
			isa = XCBuildConfiguration;
			buildSettings = {
				ALWAYS_EMBED_SWIFT_STANDARD_LIBRARIES = YES;
				CODE_SIGN_STYLE = Automatic;
				CURRENT_PROJECT_VERSION = 1;
				DEVELOPMENT_TEAM = 8W2QVSMGJ3;
				GENERATE_INFOPLIST_FILE = YES;
				MARKETING_VERSION = 1.0;
				PRODUCT_BUNDLE_IDENTIFIER = com.ozturkomerfaruk.Project8UITests;
				PRODUCT_NAME = "$(TARGET_NAME)";
				SWIFT_EMIT_LOC_STRINGS = NO;
				SWIFT_VERSION = 5.0;
				TARGETED_DEVICE_FAMILY = "1,2";
				TEST_TARGET_NAME = Project8;
			};
			name = Debug;
		};
		047C3F5E29535F450092CA79 /* Release */ = {
			isa = XCBuildConfiguration;
			buildSettings = {
				ALWAYS_EMBED_SWIFT_STANDARD_LIBRARIES = YES;
				CODE_SIGN_STYLE = Automatic;
				CURRENT_PROJECT_VERSION = 1;
				DEVELOPMENT_TEAM = 8W2QVSMGJ3;
				GENERATE_INFOPLIST_FILE = YES;
				MARKETING_VERSION = 1.0;
				PRODUCT_BUNDLE_IDENTIFIER = com.ozturkomerfaruk.Project8UITests;
				PRODUCT_NAME = "$(TARGET_NAME)";
				SWIFT_EMIT_LOC_STRINGS = NO;
				SWIFT_VERSION = 5.0;
				TARGETED_DEVICE_FAMILY = "1,2";
				TEST_TARGET_NAME = Project8;
			};
			name = Release;
		};
/* End XCBuildConfiguration section */

/* Begin XCConfigurationList section */
		047C3F2729535F440092CA79 /* Build configuration list for PBXProject "Project8" */ = {
			isa = XCConfigurationList;
			buildConfigurations = (
				047C3F5429535F450092CA79 /* Debug */,
				047C3F5529535F450092CA79 /* Release */,
			);
			defaultConfigurationIsVisible = 0;
			defaultConfigurationName = Release;
		};
		047C3F5629535F450092CA79 /* Build configuration list for PBXNativeTarget "Project8" */ = {
			isa = XCConfigurationList;
			buildConfigurations = (
				047C3F5729535F450092CA79 /* Debug */,
				047C3F5829535F450092CA79 /* Release */,
			);
			defaultConfigurationIsVisible = 0;
			defaultConfigurationName = Release;
		};
		047C3F5929535F450092CA79 /* Build configuration list for PBXNativeTarget "Project8Tests" */ = {
			isa = XCConfigurationList;
			buildConfigurations = (
				047C3F5A29535F450092CA79 /* Debug */,
				047C3F5B29535F450092CA79 /* Release */,
			);
			defaultConfigurationIsVisible = 0;
			defaultConfigurationName = Release;
		};
		047C3F5C29535F450092CA79 /* Build configuration list for PBXNativeTarget "Project8UITests" */ = {
			isa = XCConfigurationList;
			buildConfigurations = (
				047C3F5D29535F450092CA79 /* Debug */,
				047C3F5E29535F450092CA79 /* Release */,
			);
			defaultConfigurationIsVisible = 0;
			defaultConfigurationName = Release;
		};
/* End XCConfigurationList section */
	};
	rootObject = 047C3F2429535F440092CA79 /* Project object */;
}
