// !$*UTF8*$!
{
	archiveVersion = 1;
	classes = {
	};
	objectVersion = 56;
	objects = {

/* Begin PBXBuildFile section */
		042700F62958D012009CB4B8 /* AppDelegate.swift in Sources */ = {isa = PBXBuildFile; fileRef = 042700F52958D012009CB4B8 /* AppDelegate.swift */; };
		042700F82958D012009CB4B8 /* SceneDelegate.swift in Sources */ = {isa = PBXBuildFile; fileRef = 042700F72958D012009CB4B8 /* SceneDelegate.swift */; };
		042700FA2958D012009CB4B8 /* ViewController.swift in Sources */ = {isa = PBXBuildFile; fileRef = 042700F92958D012009CB4B8 /* ViewController.swift */; };
		042700FD2958D012009CB4B8 /* Main.storyboard in Resources */ = {isa = PBXBuildFile; fileRef = 042700FB2958D012009CB4B8 /* Main.storyboard */; };
		042700FF2958D013009CB4B8 /* Assets.xcassets in Resources */ = {isa = PBXBuildFile; fileRef = 042700FE2958D013009CB4B8 /* Assets.xcassets */; };
		0427010D2958D013009CB4B8 /* milestones7_9Tests.swift in Sources */ = {isa = PBXBuildFile; fileRef = 0427010C2958D013009CB4B8 /* milestones7_9Tests.swift */; };
		042701172958D013009CB4B8 /* milestones7_9UITests.swift in Sources */ = {isa = PBXBuildFile; fileRef = 042701162958D013009CB4B8 /* milestones7_9UITests.swift */; };
		042701192958D013009CB4B8 /* milestones7_9UITestsLaunchTests.swift in Sources */ = {isa = PBXBuildFile; fileRef = 042701182958D013009CB4B8 /* milestones7_9UITestsLaunchTests.swift */; };
		042701272958D666009CB4B8 /* words.txt in Resources */ = {isa = PBXBuildFile; fileRef = 042701262958D666009CB4B8 /* words.txt */; };
		0496D44429597931009CEB98 /* pic5.png in Resources */ = {isa = PBXBuildFile; fileRef = 0496D44329597931009CEB98 /* pic5.png */; };
		0496D44D29597963009CEB98 /* pic8.png in Resources */ = {isa = PBXBuildFile; fileRef = 0496D44529597962009CEB98 /* pic8.png */; };
		0496D44E29597963009CEB98 /* pic2.png in Resources */ = {isa = PBXBuildFile; fileRef = 0496D44629597963009CEB98 /* pic2.png */; };
		0496D44F29597963009CEB98 /* pic4.png in Resources */ = {isa = PBXBuildFile; fileRef = 0496D44729597963009CEB98 /* pic4.png */; };
		0496D45029597963009CEB98 /* youwin.png in Resources */ = {isa = PBXBuildFile; fileRef = 0496D44829597963009CEB98 /* youwin.png */; };
		0496D45129597963009CEB98 /* pic6.png in Resources */ = {isa = PBXBuildFile; fileRef = 0496D44929597963009CEB98 /* pic6.png */; };
		0496D45229597963009CEB98 /* pic7.png in Resources */ = {isa = PBXBuildFile; fileRef = 0496D44A29597963009CEB98 /* pic7.png */; };
		0496D45329597963009CEB98 /* pic3.png in Resources */ = {isa = PBXBuildFile; fileRef = 0496D44B29597963009CEB98 /* pic3.png */; };
		0496D45429597963009CEB98 /* pic1.png in Resources */ = {isa = PBXBuildFile; fileRef = 0496D44C29597963009CEB98 /* pic1.png */; };
		0496D45629597974009CEB98 /* gameover.png in Resources */ = {isa = PBXBuildFile; fileRef = 0496D45529597974009CEB98 /* gameover.png */; };
/* End PBXBuildFile section */

/* Begin PBXContainerItemProxy section */
		042701092958D013009CB4B8 /* PBXContainerItemProxy */ = {
			isa = PBXContainerItemProxy;
			containerPortal = 042700EA2958D012009CB4B8 /* Project object */;
			proxyType = 1;
			remoteGlobalIDString = 042700F12958D012009CB4B8;
			remoteInfo = "milestones7-9";
		};
		042701132958D013009CB4B8 /* PBXContainerItemProxy */ = {
			isa = PBXContainerItemProxy;
			containerPortal = 042700EA2958D012009CB4B8 /* Project object */;
			proxyType = 1;
			remoteGlobalIDString = 042700F12958D012009CB4B8;
			remoteInfo = "milestones7-9";
		};
/* End PBXContainerItemProxy section */

/* Begin PBXFileReference section */
		042700F22958D012009CB4B8 /* milestones7-9.app */ = {isa = PBXFileReference; explicitFileType = wrapper.application; includeInIndex = 0; path = "milestones7-9.app"; sourceTree = BUILT_PRODUCTS_DIR; };
		042700F52958D012009CB4B8 /* AppDelegate.swift */ = {isa = PBXFileReference; lastKnownFileType = sourcecode.swift; path = AppDelegate.swift; sourceTree = "<group>"; };
		042700F72958D012009CB4B8 /* SceneDelegate.swift */ = {isa = PBXFileReference; lastKnownFileType = sourcecode.swift; path = SceneDelegate.swift; sourceTree = "<group>"; };
		042700F92958D012009CB4B8 /* ViewController.swift */ = {isa = PBXFileReference; lastKnownFileType = sourcecode.swift; path = ViewController.swift; sourceTree = "<group>"; };
		042700FC2958D012009CB4B8 /* Base */ = {isa = PBXFileReference; lastKnownFileType = file.storyboard; name = Base; path = Base.lproj/Main.storyboard; sourceTree = "<group>"; };
		042700FE2958D013009CB4B8 /* Assets.xcassets */ = {isa = PBXFileReference; lastKnownFileType = folder.assetcatalog; path = Assets.xcassets; sourceTree = "<group>"; };
		042701032958D013009CB4B8 /* Info.plist */ = {isa = PBXFileReference; lastKnownFileType = text.plist.xml; path = Info.plist; sourceTree = "<group>"; };
		042701082958D013009CB4B8 /* milestones7-9Tests.xctest */ = {isa = PBXFileReference; explicitFileType = wrapper.cfbundle; includeInIndex = 0; path = "milestones7-9Tests.xctest"; sourceTree = BUILT_PRODUCTS_DIR; };
		0427010C2958D013009CB4B8 /* milestones7_9Tests.swift */ = {isa = PBXFileReference; lastKnownFileType = sourcecode.swift; path = milestones7_9Tests.swift; sourceTree = "<group>"; };
		042701122958D013009CB4B8 /* milestones7-9UITests.xctest */ = {isa = PBXFileReference; explicitFileType = wrapper.cfbundle; includeInIndex = 0; path = "milestones7-9UITests.xctest"; sourceTree = BUILT_PRODUCTS_DIR; };
		042701162958D013009CB4B8 /* milestones7_9UITests.swift */ = {isa = PBXFileReference; lastKnownFileType = sourcecode.swift; path = milestones7_9UITests.swift; sourceTree = "<group>"; };
		042701182958D013009CB4B8 /* milestones7_9UITestsLaunchTests.swift */ = {isa = PBXFileReference; lastKnownFileType = sourcecode.swift; path = milestones7_9UITestsLaunchTests.swift; sourceTree = "<group>"; };
		042701262958D666009CB4B8 /* words.txt */ = {isa = PBXFileReference; fileEncoding = 4; lastKnownFileType = text; path = words.txt; sourceTree = "<group>"; };
		0496D44329597931009CEB98 /* pic5.png */ = {isa = PBXFileReference; lastKnownFileType = image.png; path = pic5.png; sourceTree = "<group>"; };
		0496D44529597962009CEB98 /* pic8.png */ = {isa = PBXFileReference; lastKnownFileType = image.png; path = pic8.png; sourceTree = "<group>"; };
		0496D44629597963009CEB98 /* pic2.png */ = {isa = PBXFileReference; lastKnownFileType = image.png; path = pic2.png; sourceTree = "<group>"; };
		0496D44729597963009CEB98 /* pic4.png */ = {isa = PBXFileReference; lastKnownFileType = image.png; path = pic4.png; sourceTree = "<group>"; };
		0496D44829597963009CEB98 /* youwin.png */ = {isa = PBXFileReference; lastKnownFileType = image.png; path = youwin.png; sourceTree = "<group>"; };
		0496D44929597963009CEB98 /* pic6.png */ = {isa = PBXFileReference; lastKnownFileType = image.png; path = pic6.png; sourceTree = "<group>"; };
		0496D44A29597963009CEB98 /* pic7.png */ = {isa = PBXFileReference; lastKnownFileType = image.png; path = pic7.png; sourceTree = "<group>"; };
		0496D44B29597963009CEB98 /* pic3.png */ = {isa = PBXFileReference; lastKnownFileType = image.png; path = pic3.png; sourceTree = "<group>"; };
		0496D44C29597963009CEB98 /* pic1.png */ = {isa = PBXFileReference; lastKnownFileType = image.png; path = pic1.png; sourceTree = "<group>"; };
		0496D45529597974009CEB98 /* gameover.png */ = {isa = PBXFileReference; lastKnownFileType = image.png; path = gameover.png; sourceTree = "<group>"; };
/* End PBXFileReference section */

/* Begin PBXFrameworksBuildPhase section */
		042700EF2958D012009CB4B8 /* Frameworks */ = {
			isa = PBXFrameworksBuildPhase;
			buildActionMask = 2147483647;
			files = (
			);
			runOnlyForDeploymentPostprocessing = 0;
		};
		042701052958D013009CB4B8 /* Frameworks */ = {
			isa = PBXFrameworksBuildPhase;
			buildActionMask = 2147483647;
			files = (
			);
			runOnlyForDeploymentPostprocessing = 0;
		};
		0427010F2958D013009CB4B8 /* Frameworks */ = {
			isa = PBXFrameworksBuildPhase;
			buildActionMask = 2147483647;
			files = (
			);
			runOnlyForDeploymentPostprocessing = 0;
		};
/* End PBXFrameworksBuildPhase section */

/* Begin PBXGroup section */
		042700E92958D012009CB4B8 = {
			isa = PBXGroup;
			children = (
				042700F42958D012009CB4B8 /* milestones7-9 */,
				0427010B2958D013009CB4B8 /* milestones7-9Tests */,
				042701152958D013009CB4B8 /* milestones7-9UITests */,
				042700F32958D012009CB4B8 /* Products */,
			);
			sourceTree = "<group>";
		};
		042700F32958D012009CB4B8 /* Products */ = {
			isa = PBXGroup;
			children = (
				042700F22958D012009CB4B8 /* milestones7-9.app */,
				042701082958D013009CB4B8 /* milestones7-9Tests.xctest */,
				042701122958D013009CB4B8 /* milestones7-9UITests.xctest */,
			);
			name = Products;
			sourceTree = "<group>";
		};
		042700F42958D012009CB4B8 /* milestones7-9 */ = {
			isa = PBXGroup;
			children = (
				0496D44229597924009CEB98 /* Assets */,
				042701262958D666009CB4B8 /* words.txt */,
				042700F52958D012009CB4B8 /* AppDelegate.swift */,
				042700F72958D012009CB4B8 /* SceneDelegate.swift */,
				042700F92958D012009CB4B8 /* ViewController.swift */,
				042700FB2958D012009CB4B8 /* Main.storyboard */,
				042700FE2958D013009CB4B8 /* Assets.xcassets */,
				042701032958D013009CB4B8 /* Info.plist */,
			);
			path = "milestones7-9";
			sourceTree = "<group>";
		};
		0427010B2958D013009CB4B8 /* milestones7-9Tests */ = {
			isa = PBXGroup;
			children = (
				0427010C2958D013009CB4B8 /* milestones7_9Tests.swift */,
			);
			path = "milestones7-9Tests";
			sourceTree = "<group>";
		};
		042701152958D013009CB4B8 /* milestones7-9UITests */ = {
			isa = PBXGroup;
			children = (
				042701162958D013009CB4B8 /* milestones7_9UITests.swift */,
				042701182958D013009CB4B8 /* milestones7_9UITestsLaunchTests.swift */,
			);
			path = "milestones7-9UITests";
			sourceTree = "<group>";
		};
		0496D44229597924009CEB98 /* Assets */ = {
			isa = PBXGroup;
			children = (
				0496D44829597963009CEB98 /* youwin.png */,
				0496D45529597974009CEB98 /* gameover.png */,
				0496D44C29597963009CEB98 /* pic1.png */,
				0496D44629597963009CEB98 /* pic2.png */,
				0496D44B29597963009CEB98 /* pic3.png */,
				0496D44729597963009CEB98 /* pic4.png */,
				0496D44329597931009CEB98 /* pic5.png */,
				0496D44929597963009CEB98 /* pic6.png */,
				0496D44A29597963009CEB98 /* pic7.png */,
				0496D44529597962009CEB98 /* pic8.png */,
			);
			path = Assets;
			sourceTree = "<group>";
		};
/* End PBXGroup section */

/* Begin PBXNativeTarget section */
		042700F12958D012009CB4B8 /* milestones7-9 */ = {
			isa = PBXNativeTarget;
			buildConfigurationList = 0427011C2958D013009CB4B8 /* Build configuration list for PBXNativeTarget "milestones7-9" */;
			buildPhases = (
				042700EE2958D012009CB4B8 /* Sources */,
				042700EF2958D012009CB4B8 /* Frameworks */,
				042700F02958D012009CB4B8 /* Resources */,
			);
			buildRules = (
			);
			dependencies = (
			);
			name = "milestones7-9";
			productName = "milestones7-9";
			productReference = 042700F22958D012009CB4B8 /* milestones7-9.app */;
			productType = "com.apple.product-type.application";
		};
		042701072958D013009CB4B8 /* milestones7-9Tests */ = {
			isa = PBXNativeTarget;
			buildConfigurationList = 0427011F2958D013009CB4B8 /* Build configuration list for PBXNativeTarget "milestones7-9Tests" */;
			buildPhases = (
				042701042958D013009CB4B8 /* Sources */,
				042701052958D013009CB4B8 /* Frameworks */,
				042701062958D013009CB4B8 /* Resources */,
			);
			buildRules = (
			);
			dependencies = (
				0427010A2958D013009CB4B8 /* PBXTargetDependency */,
			);
			name = "milestones7-9Tests";
			productName = "milestones7-9Tests";
			productReference = 042701082958D013009CB4B8 /* milestones7-9Tests.xctest */;
			productType = "com.apple.product-type.bundle.unit-test";
		};
		042701112958D013009CB4B8 /* milestones7-9UITests */ = {
			isa = PBXNativeTarget;
			buildConfigurationList = 042701222958D013009CB4B8 /* Build configuration list for PBXNativeTarget "milestones7-9UITests" */;
			buildPhases = (
				0427010E2958D013009CB4B8 /* Sources */,
				0427010F2958D013009CB4B8 /* Frameworks */,
				042701102958D013009CB4B8 /* Resources */,
			);
			buildRules = (
			);
			dependencies = (
				042701142958D013009CB4B8 /* PBXTargetDependency */,
			);
			name = "milestones7-9UITests";
			productName = "milestones7-9UITests";
			productReference = 042701122958D013009CB4B8 /* milestones7-9UITests.xctest */;
			productType = "com.apple.product-type.bundle.ui-testing";
		};
/* End PBXNativeTarget section */

/* Begin PBXProject section */
		042700EA2958D012009CB4B8 /* Project object */ = {
			isa = PBXProject;
			attributes = {
				BuildIndependentTargetsInParallel = 1;
				LastSwiftUpdateCheck = 1420;
				LastUpgradeCheck = 1420;
				TargetAttributes = {
					042700F12958D012009CB4B8 = {
						CreatedOnToolsVersion = 14.2;
					};
					042701072958D013009CB4B8 = {
						CreatedOnToolsVersion = 14.2;
						TestTargetID = 042700F12958D012009CB4B8;
					};
					042701112958D013009CB4B8 = {
						CreatedOnToolsVersion = 14.2;
						TestTargetID = 042700F12958D012009CB4B8;
					};
				};
			};
			buildConfigurationList = 042700ED2958D012009CB4B8 /* Build configuration list for PBXProject "milestones7-9" */;
			compatibilityVersion = "Xcode 14.0";
			developmentRegion = en;
			hasScannedForEncodings = 0;
			knownRegions = (
				en,
				Base,
			);
			mainGroup = 042700E92958D012009CB4B8;
			productRefGroup = 042700F32958D012009CB4B8 /* Products */;
			projectDirPath = "";
			projectRoot = "";
			targets = (
				042700F12958D012009CB4B8 /* milestones7-9 */,
				042701072958D013009CB4B8 /* milestones7-9Tests */,
				042701112958D013009CB4B8 /* milestones7-9UITests */,
			);
		};
/* End PBXProject section */

/* Begin PBXResourcesBuildPhase section */
		042700F02958D012009CB4B8 /* Resources */ = {
			isa = PBXResourcesBuildPhase;
			buildActionMask = 2147483647;
			files = (
				0496D44429597931009CEB98 /* pic5.png in Resources */,
				0496D44D29597963009CEB98 /* pic8.png in Resources */,
				0496D45129597963009CEB98 /* pic6.png in Resources */,
				042700FF2958D013009CB4B8 /* Assets.xcassets in Resources */,
				0496D44F29597963009CEB98 /* pic4.png in Resources */,
				042701272958D666009CB4B8 /* words.txt in Resources */,
				0496D45229597963009CEB98 /* pic7.png in Resources */,
				0496D45329597963009CEB98 /* pic3.png in Resources */,
				0496D45629597974009CEB98 /* gameover.png in Resources */,
				0496D45429597963009CEB98 /* pic1.png in Resources */,
				0496D45029597963009CEB98 /* youwin.png in Resources */,
				042700FD2958D012009CB4B8 /* Main.storyboard in Resources */,
				0496D44E29597963009CEB98 /* pic2.png in Resources */,
			);
			runOnlyForDeploymentPostprocessing = 0;
		};
		042701062958D013009CB4B8 /* Resources */ = {
			isa = PBXResourcesBuildPhase;
			buildActionMask = 2147483647;
			files = (
			);
			runOnlyForDeploymentPostprocessing = 0;
		};
		042701102958D013009CB4B8 /* Resources */ = {
			isa = PBXResourcesBuildPhase;
			buildActionMask = 2147483647;
			files = (
			);
			runOnlyForDeploymentPostprocessing = 0;
		};
/* End PBXResourcesBuildPhase section */

/* Begin PBXSourcesBuildPhase section */
		042700EE2958D012009CB4B8 /* Sources */ = {
			isa = PBXSourcesBuildPhase;
			buildActionMask = 2147483647;
			files = (
				042700FA2958D012009CB4B8 /* ViewController.swift in Sources */,
				042700F62958D012009CB4B8 /* AppDelegate.swift in Sources */,
				042700F82958D012009CB4B8 /* SceneDelegate.swift in Sources */,
			);
			runOnlyForDeploymentPostprocessing = 0;
		};
		042701042958D013009CB4B8 /* Sources */ = {
			isa = PBXSourcesBuildPhase;
			buildActionMask = 2147483647;
			files = (
				0427010D2958D013009CB4B8 /* milestones7_9Tests.swift in Sources */,
			);
			runOnlyForDeploymentPostprocessing = 0;
		};
		0427010E2958D013009CB4B8 /* Sources */ = {
			isa = PBXSourcesBuildPhase;
			buildActionMask = 2147483647;
			files = (
				042701172958D013009CB4B8 /* milestones7_9UITests.swift in Sources */,
				042701192958D013009CB4B8 /* milestones7_9UITestsLaunchTests.swift in Sources */,
			);
			runOnlyForDeploymentPostprocessing = 0;
		};
/* End PBXSourcesBuildPhase section */

/* Begin PBXTargetDependency section */
		0427010A2958D013009CB4B8 /* PBXTargetDependency */ = {
			isa = PBXTargetDependency;
			target = 042700F12958D012009CB4B8 /* milestones7-9 */;
			targetProxy = 042701092958D013009CB4B8 /* PBXContainerItemProxy */;
		};
		042701142958D013009CB4B8 /* PBXTargetDependency */ = {
			isa = PBXTargetDependency;
			target = 042700F12958D012009CB4B8 /* milestones7-9 */;
			targetProxy = 042701132958D013009CB4B8 /* PBXContainerItemProxy */;
		};
/* End PBXTargetDependency section */

/* Begin PBXVariantGroup section */
		042700FB2958D012009CB4B8 /* Main.storyboard */ = {
			isa = PBXVariantGroup;
			children = (
				042700FC2958D012009CB4B8 /* Base */,
			);
			name = Main.storyboard;
			sourceTree = "<group>";
		};
/* End PBXVariantGroup section */

/* Begin XCBuildConfiguration section */
		0427011A2958D013009CB4B8 /* Debug */ = {
			isa = XCBuildConfiguration;
			buildSettings = {
				ALWAYS_SEARCH_USER_PATHS = NO;
				CLANG_ANALYZER_NONNULL = YES;
				CLANG_ANALYZER_NUMBER_OBJECT_CONVERSION = YES_AGGRESSIVE;
				CLANG_CXX_LANGUAGE_STANDARD = "gnu++20";
				CLANG_ENABLE_MODULES = YES;
				CLANG_ENABLE_OBJC_ARC = YES;
				CLANG_ENABLE_OBJC_WEAK = YES;
				CLANG_WARN_BLOCK_CAPTURE_AUTORELEASING = YES;
				CLANG_WARN_BOOL_CONVERSION = YES;
				CLANG_WARN_COMMA = YES;
				CLANG_WARN_CONSTANT_CONVERSION = YES;
				CLANG_WARN_DEPRECATED_OBJC_IMPLEMENTATIONS = YES;
				CLANG_WARN_DIRECT_OBJC_ISA_USAGE = YES_ERROR;
				CLANG_WARN_DOCUMENTATION_COMMENTS = YES;
				CLANG_WARN_EMPTY_BODY = YES;
				CLANG_WARN_ENUM_CONVERSION = YES;
				CLANG_WARN_INFINITE_RECURSION = YES;
				CLANG_WARN_INT_CONVERSION = YES;
				CLANG_WARN_NON_LITERAL_NULL_CONVERSION = YES;
				CLANG_WARN_OBJC_IMPLICIT_RETAIN_SELF = YES;
				CLANG_WARN_OBJC_LITERAL_CONVERSION = YES;
				CLANG_WARN_OBJC_ROOT_CLASS = YES_ERROR;
				CLANG_WARN_QUOTED_INCLUDE_IN_FRAMEWORK_HEADER = YES;
				CLANG_WARN_RANGE_LOOP_ANALYSIS = YES;
				CLANG_WARN_STRICT_PROTOTYPES = YES;
				CLANG_WARN_SUSPICIOUS_MOVE = YES;
				CLANG_WARN_UNGUARDED_AVAILABILITY = YES_AGGRESSIVE;
				CLANG_WARN_UNREACHABLE_CODE = YES;
				CLANG_WARN__DUPLICATE_METHOD_MATCH = YES;
				COPY_PHASE_STRIP = NO;
				DEBUG_INFORMATION_FORMAT = dwarf;
				ENABLE_STRICT_OBJC_MSGSEND = YES;
				ENABLE_TESTABILITY = YES;
				GCC_C_LANGUAGE_STANDARD = gnu11;
				GCC_DYNAMIC_NO_PIC = NO;
				GCC_NO_COMMON_BLOCKS = YES;
				GCC_OPTIMIZATION_LEVEL = 0;
				GCC_PREPROCESSOR_DEFINITIONS = (
					"DEBUG=1",
					"$(inherited)",
				);
				GCC_WARN_64_TO_32_BIT_CONVERSION = YES;
				GCC_WARN_ABOUT_RETURN_TYPE = YES_ERROR;
				GCC_WARN_UNDECLARED_SELECTOR = YES;
				GCC_WARN_UNINITIALIZED_AUTOS = YES_AGGRESSIVE;
				GCC_WARN_UNUSED_FUNCTION = YES;
				GCC_WARN_UNUSED_VARIABLE = YES;
				IPHONEOS_DEPLOYMENT_TARGET = 16.2;
				MTL_ENABLE_DEBUG_INFO = INCLUDE_SOURCE;
				MTL_FAST_MATH = YES;
				ONLY_ACTIVE_ARCH = YES;
				SDKROOT = iphoneos;
				SWIFT_ACTIVE_COMPILATION_CONDITIONS = DEBUG;
				SWIFT_OPTIMIZATION_LEVEL = "-Onone";
			};
			name = Debug;
		};
		0427011B2958D013009CB4B8 /* Release */ = {
			isa = XCBuildConfiguration;
			buildSettings = {
				ALWAYS_SEARCH_USER_PATHS = NO;
				CLANG_ANALYZER_NONNULL = YES;
				CLANG_ANALYZER_NUMBER_OBJECT_CONVERSION = YES_AGGRESSIVE;
				CLANG_CXX_LANGUAGE_STANDARD = "gnu++20";
				CLANG_ENABLE_MODULES = YES;
				CLANG_ENABLE_OBJC_ARC = YES;
				CLANG_ENABLE_OBJC_WEAK = YES;
				CLANG_WARN_BLOCK_CAPTURE_AUTORELEASING = YES;
				CLANG_WARN_BOOL_CONVERSION = YES;
				CLANG_WARN_COMMA = YES;
				CLANG_WARN_CONSTANT_CONVERSION = YES;
				CLANG_WARN_DEPRECATED_OBJC_IMPLEMENTATIONS = YES;
				CLANG_WARN_DIRECT_OBJC_ISA_USAGE = YES_ERROR;
				CLANG_WARN_DOCUMENTATION_COMMENTS = YES;
				CLANG_WARN_EMPTY_BODY = YES;
				CLANG_WARN_ENUM_CONVERSION = YES;
				CLANG_WARN_INFINITE_RECURSION = YES;
				CLANG_WARN_INT_CONVERSION = YES;
				CLANG_WARN_NON_LITERAL_NULL_CONVERSION = YES;
				CLANG_WARN_OBJC_IMPLICIT_RETAIN_SELF = YES;
				CLANG_WARN_OBJC_LITERAL_CONVERSION = YES;
				CLANG_WARN_OBJC_ROOT_CLASS = YES_ERROR;
				CLANG_WARN_QUOTED_INCLUDE_IN_FRAMEWORK_HEADER = YES;
				CLANG_WARN_RANGE_LOOP_ANALYSIS = YES;
				CLANG_WARN_STRICT_PROTOTYPES = YES;
				CLANG_WARN_SUSPICIOUS_MOVE = YES;
				CLANG_WARN_UNGUARDED_AVAILABILITY = YES_AGGRESSIVE;
				CLANG_WARN_UNREACHABLE_CODE = YES;
				CLANG_WARN__DUPLICATE_METHOD_MATCH = YES;
				COPY_PHASE_STRIP = NO;
				DEBUG_INFORMATION_FORMAT = "dwarf-with-dsym";
				ENABLE_NS_ASSERTIONS = NO;
				ENABLE_STRICT_OBJC_MSGSEND = YES;
				GCC_C_LANGUAGE_STANDARD = gnu11;
				GCC_NO_COMMON_BLOCKS = YES;
				GCC_WARN_64_TO_32_BIT_CONVERSION = YES;
				GCC_WARN_ABOUT_RETURN_TYPE = YES_ERROR;
				GCC_WARN_UNDECLARED_SELECTOR = YES;
				GCC_WARN_UNINITIALIZED_AUTOS = YES_AGGRESSIVE;
				GCC_WARN_UNUSED_FUNCTION = YES;
				GCC_WARN_UNUSED_VARIABLE = YES;
				IPHONEOS_DEPLOYMENT_TARGET = 16.2;
				MTL_ENABLE_DEBUG_INFO = NO;
				MTL_FAST_MATH = YES;
				SDKROOT = iphoneos;
				SWIFT_COMPILATION_MODE = wholemodule;
				SWIFT_OPTIMIZATION_LEVEL = "-O";
				VALIDATE_PRODUCT = YES;
			};
			name = Release;
		};
		0427011D2958D013009CB4B8 /* Debug */ = {
			isa = XCBuildConfiguration;
			buildSettings = {
				ASSETCATALOG_COMPILER_APPICON_NAME = AppIcon;
				ASSETCATALOG_COMPILER_GLOBAL_ACCENT_COLOR_NAME = AccentColor;
				CODE_SIGN_STYLE = Automatic;
				CURRENT_PROJECT_VERSION = 1;
				DEVELOPMENT_TEAM = 8W2QVSMGJ3;
				GENERATE_INFOPLIST_FILE = YES;
				INFOPLIST_FILE = "milestones7-9/Info.plist";
				INFOPLIST_KEY_UIApplicationSupportsIndirectInputEvents = YES;
				INFOPLIST_KEY_UILaunchStoryboardName = LaunchScreen;
				INFOPLIST_KEY_UIMainStoryboardFile = Main;
				INFOPLIST_KEY_UISupportedInterfaceOrientations_iPad = "UIInterfaceOrientationPortrait UIInterfaceOrientationPortraitUpsideDown UIInterfaceOrientationLandscapeLeft UIInterfaceOrientationLandscapeRight";
				INFOPLIST_KEY_UISupportedInterfaceOrientations_iPhone = "UIInterfaceOrientationPortrait UIInterfaceOrientationLandscapeLeft UIInterfaceOrientationLandscapeRight";
				LD_RUNPATH_SEARCH_PATHS = (
					"$(inherited)",
					"@executable_path/Frameworks",
				);
				MARKETING_VERSION = 1.0;
				PRODUCT_BUNDLE_IDENTIFIER = "com.ozturkomerfaruk.milestones7-9";
				PRODUCT_NAME = "$(TARGET_NAME)";
				SWIFT_EMIT_LOC_STRINGS = YES;
				SWIFT_VERSION = 5.0;
				TARGETED_DEVICE_FAMILY = "1,2";
			};
			name = Debug;
		};
		0427011E2958D013009CB4B8 /* Release */ = {
			isa = XCBuildConfiguration;
			buildSettings = {
				ASSETCATALOG_COMPILER_APPICON_NAME = AppIcon;
				ASSETCATALOG_COMPILER_GLOBAL_ACCENT_COLOR_NAME = AccentColor;
				CODE_SIGN_STYLE = Automatic;
				CURRENT_PROJECT_VERSION = 1;
				DEVELOPMENT_TEAM = 8W2QVSMGJ3;
				GENERATE_INFOPLIST_FILE = YES;
				INFOPLIST_FILE = "milestones7-9/Info.plist";
				INFOPLIST_KEY_UIApplicationSupportsIndirectInputEvents = YES;
				INFOPLIST_KEY_UILaunchStoryboardName = LaunchScreen;
				INFOPLIST_KEY_UIMainStoryboardFile = Main;
				INFOPLIST_KEY_UISupportedInterfaceOrientations_iPad = "UIInterfaceOrientationPortrait UIInterfaceOrientationPortraitUpsideDown UIInterfaceOrientationLandscapeLeft UIInterfaceOrientationLandscapeRight";
				INFOPLIST_KEY_UISupportedInterfaceOrientations_iPhone = "UIInterfaceOrientationPortrait UIInterfaceOrientationLandscapeLeft UIInterfaceOrientationLandscapeRight";
				LD_RUNPATH_SEARCH_PATHS = (
					"$(inherited)",
					"@executable_path/Frameworks",
				);
				MARKETING_VERSION = 1.0;
				PRODUCT_BUNDLE_IDENTIFIER = "com.ozturkomerfaruk.milestones7-9";
				PRODUCT_NAME = "$(TARGET_NAME)";
				SWIFT_EMIT_LOC_STRINGS = YES;
				SWIFT_VERSION = 5.0;
				TARGETED_DEVICE_FAMILY = "1,2";
			};
			name = Release;
		};
		042701202958D013009CB4B8 /* Debug */ = {
			isa = XCBuildConfiguration;
			buildSettings = {
				ALWAYS_EMBED_SWIFT_STANDARD_LIBRARIES = YES;
				BUNDLE_LOADER = "$(TEST_HOST)";
				CODE_SIGN_STYLE = Automatic;
				CURRENT_PROJECT_VERSION = 1;
				DEVELOPMENT_TEAM = 8W2QVSMGJ3;
				GENERATE_INFOPLIST_FILE = YES;
				IPHONEOS_DEPLOYMENT_TARGET = 16.2;
				MARKETING_VERSION = 1.0;
				PRODUCT_BUNDLE_IDENTIFIER = "com.ozturkomerfaruk.milestones7-9Tests";
				PRODUCT_NAME = "$(TARGET_NAME)";
				SWIFT_EMIT_LOC_STRINGS = NO;
				SWIFT_VERSION = 5.0;
				TARGETED_DEVICE_FAMILY = "1,2";
				TEST_HOST = "$(BUILT_PRODUCTS_DIR)/milestones7-9.app/$(BUNDLE_EXECUTABLE_FOLDER_PATH)/milestones7-9";
			};
			name = Debug;
		};
		042701212958D013009CB4B8 /* Release */ = {
			isa = XCBuildConfiguration;
			buildSettings = {
				ALWAYS_EMBED_SWIFT_STANDARD_LIBRARIES = YES;
				BUNDLE_LOADER = "$(TEST_HOST)";
				CODE_SIGN_STYLE = Automatic;
				CURRENT_PROJECT_VERSION = 1;
				DEVELOPMENT_TEAM = 8W2QVSMGJ3;
				GENERATE_INFOPLIST_FILE = YES;
				IPHONEOS_DEPLOYMENT_TARGET = 16.2;
				MARKETING_VERSION = 1.0;
				PRODUCT_BUNDLE_IDENTIFIER = "com.ozturkomerfaruk.milestones7-9Tests";
				PRODUCT_NAME = "$(TARGET_NAME)";
				SWIFT_EMIT_LOC_STRINGS = NO;
				SWIFT_VERSION = 5.0;
				TARGETED_DEVICE_FAMILY = "1,2";
				TEST_HOST = "$(BUILT_PRODUCTS_DIR)/milestones7-9.app/$(BUNDLE_EXECUTABLE_FOLDER_PATH)/milestones7-9";
			};
			name = Release;
		};
		042701232958D013009CB4B8 /* Debug */ = {
			isa = XCBuildConfiguration;
			buildSettings = {
				ALWAYS_EMBED_SWIFT_STANDARD_LIBRARIES = YES;
				CODE_SIGN_STYLE = Automatic;
				CURRENT_PROJECT_VERSION = 1;
				DEVELOPMENT_TEAM = 8W2QVSMGJ3;
				GENERATE_INFOPLIST_FILE = YES;
				MARKETING_VERSION = 1.0;
				PRODUCT_BUNDLE_IDENTIFIER = "com.ozturkomerfaruk.milestones7-9UITests";
				PRODUCT_NAME = "$(TARGET_NAME)";
				SWIFT_EMIT_LOC_STRINGS = NO;
				SWIFT_VERSION = 5.0;
				TARGETED_DEVICE_FAMILY = "1,2";
				TEST_TARGET_NAME = "milestones7-9";
			};
			name = Debug;
		};
		042701242958D013009CB4B8 /* Release */ = {
			isa = XCBuildConfiguration;
			buildSettings = {
				ALWAYS_EMBED_SWIFT_STANDARD_LIBRARIES = YES;
				CODE_SIGN_STYLE = Automatic;
				CURRENT_PROJECT_VERSION = 1;
				DEVELOPMENT_TEAM = 8W2QVSMGJ3;
				GENERATE_INFOPLIST_FILE = YES;
				MARKETING_VERSION = 1.0;
				PRODUCT_BUNDLE_IDENTIFIER = "com.ozturkomerfaruk.milestones7-9UITests";
				PRODUCT_NAME = "$(TARGET_NAME)";
				SWIFT_EMIT_LOC_STRINGS = NO;
				SWIFT_VERSION = 5.0;
				TARGETED_DEVICE_FAMILY = "1,2";
				TEST_TARGET_NAME = "milestones7-9";
			};
			name = Release;
		};
/* End XCBuildConfiguration section */

/* Begin XCConfigurationList section */
		042700ED2958D012009CB4B8 /* Build configuration list for PBXProject "milestones7-9" */ = {
			isa = XCConfigurationList;
			buildConfigurations = (
				0427011A2958D013009CB4B8 /* Debug */,
				0427011B2958D013009CB4B8 /* Release */,
			);
			defaultConfigurationIsVisible = 0;
			defaultConfigurationName = Release;
		};
		0427011C2958D013009CB4B8 /* Build configuration list for PBXNativeTarget "milestones7-9" */ = {
			isa = XCConfigurationList;
			buildConfigurations = (
				0427011D2958D013009CB4B8 /* Debug */,
				0427011E2958D013009CB4B8 /* Release */,
			);
			defaultConfigurationIsVisible = 0;
			defaultConfigurationName = Release;
		};
		0427011F2958D013009CB4B8 /* Build configuration list for PBXNativeTarget "milestones7-9Tests" */ = {
			isa = XCConfigurationList;
			buildConfigurations = (
				042701202958D013009CB4B8 /* Debug */,
				042701212958D013009CB4B8 /* Release */,
			);
			defaultConfigurationIsVisible = 0;
			defaultConfigurationName = Release;
		};
		042701222958D013009CB4B8 /* Build configuration list for PBXNativeTarget "milestones7-9UITests" */ = {
			isa = XCConfigurationList;
			buildConfigurations = (
				042701232958D013009CB4B8 /* Debug */,
				042701242958D013009CB4B8 /* Release */,
			);
			defaultConfigurationIsVisible = 0;
			defaultConfigurationName = Release;
		};
/* End XCConfigurationList section */
	};
	rootObject = 042700EA2958D012009CB4B8 /* Project object */;
}
